
Microsoft Visual Studio Solution File, Format Version 11.00
# Visual Studio 2010
Project("{8BC9CEB8-8B4A-11D0-8D11-00A0C91BC942}") = "马踏棋盘", "马踏棋盘\马踏棋盘.vcxproj", "{772B36E1-8FBE-4CB2-B614-BF07BBB22C0F}"
EndProject
Global
	GlobalSection(SolutionConfigurationPlatforms) = preSolution
		Debug|Win32 = Debug|Win32
		Release|Win32 = Release|Win32
	EndGlobalSection
	GlobalSection(ProjectConfigurationPlatforms) = postSolution
		{772B36E1-8FBE-4CB2-B614-BF07BBB22C0F}.Debug|Win32.ActiveCfg = Debug|Win32
		{772B36E1-8FBE-4CB2-B614-BF07BBB22C0F}.Debug|Win32.Build.0 = Debug|Win32
		{772B36E1-8FBE-4CB2-B614-BF07BBB22C0F}.Release|Win32.ActiveCfg = Release|Win32
		{772B36E1-8FBE-4CB2-B614-BF07BBB22C0F}.Release|Win32.Build.0 = Release|Win32
	EndGlobalSection
	GlobalSection(SolutionProperties) = preSolution
		HideSolutionNode = FALSE
	EndGlobalSection
EndGlobal
